
Microsoft Visual Studio Solution File, Format Version 12.00
# Visual Studio Version 16
VisualStudioVersion = 16.0.29709.97
MinimumVisualStudioVersion = 10.0.40219.1
Project("{FAE04EC0-301F-11D3-BF4B-00C04F79EFBC}") = "Allee_ClassActivity01", "Allee_ClassActivity01\Allee_ClassActivity01.csproj", "{79BEF57D-9DF3-4B8E-9007-F472AF40E0AF}"
EndProject
Global
	GlobalSection(SolutionConfigurationPlatforms) = preSolution
		Debug|Any CPU = Debug|Any CPU
		Release|Any CPU = Release|Any CPU
	EndGlobalSection
	GlobalSection(ProjectConfigurationPlatforms) = postSolution
		{79BEF57D-9DF3-4B8E-9007-F472AF40E0AF}.Debug|Any CPU.ActiveCfg = Debug|Any CPU
		{79BEF57D-9DF3-4B8E-9007-F472AF40E0AF}.Debug|Any CPU.Build.0 = Debug|Any CPU
		{79BEF57D-9DF3-4B8E-9007-F472AF40E0AF}.Release|Any CPU.ActiveCfg = Release|Any CPU
		{79BEF57D-9DF3-4B8E-9007-F472AF40E0AF}.Release|Any CPU.Build.0 = Release|Any CPU
	EndGlobalSection
	GlobalSection(SolutionProperties) = preSolution
		HideSolutionNode = FALSE
	EndGlobalSection
	GlobalSection(ExtensibilityGlobals) = postSolution
		SolutionGuid = {232350F5-3EF6-48F1-B8BC-C0239822ADC6}
	EndGlobalSection
EndGlobal
